
Microsoft Visual Studio Solution File, Format Version 12.00
# Visual Studio Version 16
VisualStudioVersion = 16.0.30717.126
MinimumVisualStudioVersion = 15.0.26124.0
Project("{2150E333-8FDC-42A3-9474-1A3956D46DE8}") = "src", "src", "{CBEA6ABB-9F42-43A4-9922-89A035A32E41}"
EndProject
Project("{9A19103F-16F7-4668-BE54-9A1E7A4F7556}") = "HCGStudio.TheLauncher", "src\HCGStudio.TheLauncher\HCGStudio.TheLauncher.csproj", "{917D5494-287B-492F-B0C5-53AE08F70DD4}"
EndProject
Project("{9A19103F-16F7-4668-BE54-9A1E7A4F7556}") = "HCGStudio.TheLauncherLib", "src\HCGStudio.TheLauncherLib\HCGStudio.TheLauncherLib.csproj", "{6C4025C8-389F-4BF1-8965-1A95883B955D}"
EndProject
Project("{FAE04EC0-301F-11D3-BF4B-00C04F79EFBC}") = "HCGStudio.TheLauncherLogin", "src\HCGStudio.TheLauncherLogin\HCGStudio.TheLauncherLogin.csproj", "{91823EDD-40BF-449B-A60A-8871CE7CC011}"
EndProject
Global
	GlobalSection(SolutionConfigurationPlatforms) = preSolution
		Debug|Any CPU = Debug|Any CPU
		Debug|x64 = Debug|x64
		Debug|x86 = Debug|x86
		Release|Any CPU = Release|Any CPU
		Release|x64 = Release|x64
		Release|x86 = Release|x86
	EndGlobalSection
	GlobalSection(ProjectConfigurationPlatforms) = postSolution
		{917D5494-287B-492F-B0C5-53AE08F70DD4}.Debug|Any CPU.ActiveCfg = Debug|Any CPU
		{917D5494-287B-492F-B0C5-53AE08F70DD4}.Debug|Any CPU.Build.0 = Debug|Any CPU
		{917D5494-287B-492F-B0C5-53AE08F70DD4}.Debug|x64.ActiveCfg = Debug|Any CPU
		{917D5494-287B-492F-B0C5-53AE08F70DD4}.Debug|x64.Build.0 = Debug|Any CPU
		{917D5494-287B-492F-B0C5-53AE08F70DD4}.Debug|x86.ActiveCfg = Debug|Any CPU
		{917D5494-287B-492F-B0C5-53AE08F70DD4}.Debug|x86.Build.0 = Debug|Any CPU
		{917D5494-287B-492F-B0C5-53AE08F70DD4}.Release|Any CPU.ActiveCfg = Release|Any CPU
		{917D5494-287B-492F-B0C5-53AE08F70DD4}.Release|Any CPU.Build.0 = Release|Any CPU
		{917D5494-287B-492F-B0C5-53AE08F70DD4}.Release|x64.ActiveCfg = Release|Any CPU
		{917D5494-287B-492F-B0C5-53AE08F70DD4}.Release|x64.Build.0 = Release|Any CPU
		{917D5494-287B-492F-B0C5-53AE08F70DD4}.Release|x86.ActiveCfg = Release|Any CPU
		{917D5494-287B-492F-B0C5-53AE08F70DD4}.Release|x86.Build.0 = Release|Any CPU
		{6C4025C8-389F-4BF1-8965-1A95883B955D}.Debug|Any CPU.ActiveCfg = Debug|Any CPU
		{6C4025C8-389F-4BF1-8965-1A95883B955D}.Debug|Any CPU.Build.0 = Debug|Any CPU
		{6C4025C8-389F-4BF1-8965-1A95883B955D}.Debug|x64.ActiveCfg = Debug|Any CPU
		{6C4025C8-389F-4BF1-8965-1A95883B955D}.Debug|x64.Build.0 = Debug|Any CPU
		{6C4025C8-389F-4BF1-8965-1A95883B955D}.Debug|x86.ActiveCfg = Debug|Any CPU
		{6C4025C8-389F-4BF1-8965-1A95883B955D}.Debug|x86.Build.0 = Debug|Any CPU
		{6C4025C8-389F-4BF1-8965-1A95883B955D}.Release|Any CPU.ActiveCfg = Release|Any CPU
		{6C4025C8-389F-4BF1-8965-1A95883B955D}.Release|Any CPU.Build.0 = Release|Any CPU
		{6C4025C8-389F-4BF1-8965-1A95883B955D}.Release|x64.ActiveCfg = Release|Any CPU
		{6C4025C8-389F-4BF1-8965-1A95883B955D}.Release|x64.Build.0 = Release|Any CPU
		{6C4025C8-389F-4BF1-8965-1A95883B955D}.Release|x86.ActiveCfg = Release|Any CPU
		{6C4025C8-389F-4BF1-8965-1A95883B955D}.Release|x86.Build.0 = Release|Any CPU
		{91823EDD-40BF-449B-A60A-8871CE7CC011}.Debug|Any CPU.ActiveCfg = Debug|Any CPU
		{91823EDD-40BF-449B-A60A-8871CE7CC011}.Debug|Any CPU.Build.0 = Debug|Any CPU
		{91823EDD-40BF-449B-A60A-8871CE7CC011}.Debug|x64.ActiveCfg = Debug|Any CPU
		{91823EDD-40BF-449B-A60A-8871CE7CC011}.Debug|x64.Build.0 = Debug|Any CPU
		{91823EDD-40BF-449B-A60A-8871CE7CC011}.Debug|x86.ActiveCfg = Debug|Any CPU
		{91823EDD-40BF-449B-A60A-8871CE7CC011}.Debug|x86.Build.0 = Debug|Any CPU
		{91823EDD-40BF-449B-A60A-8871CE7CC011}.Release|Any CPU.ActiveCfg = Release|Any CPU
		{91823EDD-40BF-449B-A60A-8871CE7CC011}.Release|Any CPU.Build.0 = Release|Any CPU
		{91823EDD-40BF-449B-A60A-8871CE7CC011}.Release|x64.ActiveCfg = Release|Any CPU
		{91823EDD-40BF-449B-A60A-8871CE7CC011}.Release|x64.Build.0 = Release|Any CPU
		{91823EDD-40BF-449B-A60A-8871CE7CC011}.Release|x86.ActiveCfg = Release|Any CPU
		{91823EDD-40BF-449B-A60A-8871CE7CC011}.Release|x86.Build.0 = Release|Any CPU
	EndGlobalSection
	GlobalSection(SolutionProperties) = preSolution
		HideSolutionNode = FALSE
	EndGlobalSection
	GlobalSection(NestedProjects) = preSolution
		{917D5494-287B-492F-B0C5-53AE08F70DD4} = {CBEA6ABB-9F42-43A4-9922-89A035A32E41}
		{6C4025C8-389F-4BF1-8965-1A95883B955D} = {CBEA6ABB-9F42-43A4-9922-89A035A32E41}
		{91823EDD-40BF-449B-A60A-8871CE7CC011} = {CBEA6ABB-9F42-43A4-9922-89A035A32E41}
	EndGlobalSection
	GlobalSection(ExtensibilityGlobals) = postSolution
		SolutionGuid = {BA3270A6-720E-40FC-992D-A2A58C85C995}
	EndGlobalSection
EndGlobal
